
Microsoft Visual Studio Solution File, Format Version 12.00
# Visual Studio 15
VisualStudioVersion = 15.0.27703.2047
MinimumVisualStudioVersion = 10.0.40219.1
Project("{FAE04EC0-301F-11D3-BF4B-00C04F79EFBC}") = "XrmMockGeneratorPlugin", "XrmMockGenerator\XrmMockGeneratorPlugin.csproj", "{ACBA53DE-8B68-4AD3-80B8-E44B579963A2}"
EndProject
Global
	GlobalSection(SolutionConfigurationPlatforms) = preSolution
		Debug Without GemBox|Any CPU = Debug Without GemBox|Any CPU
		Debug|Any CPU = Debug|Any CPU
		Release|Any CPU = Release|Any CPU
	EndGlobalSection
	GlobalSection(ProjectConfigurationPlatforms) = postSolution
		{ACBA53DE-8B68-4AD3-80B8-E44B579963A2}.Debug Without GemBox|Any CPU.ActiveCfg = Debug|Any CPU
		{ACBA53DE-8B68-4AD3-80B8-E44B579963A2}.Debug Without GemBox|Any CPU.Build.0 = Debug|Any CPU
		{ACBA53DE-8B68-4AD3-80B8-E44B579963A2}.Debug|Any CPU.ActiveCfg = Debug|Any CPU
		{ACBA53DE-8B68-4AD3-80B8-E44B579963A2}.Debug|Any CPU.Build.0 = Debug|Any CPU
		{ACBA53DE-8B68-4AD3-80B8-E44B579963A2}.Release|Any CPU.ActiveCfg = Release|Any CPU
		{ACBA53DE-8B68-4AD3-80B8-E44B579963A2}.Release|Any CPU.Build.0 = Release|Any CPU
	EndGlobalSection
	GlobalSection(SolutionProperties) = preSolution
		HideSolutionNode = FALSE
	EndGlobalSection
	GlobalSection(ExtensibilityGlobals) = postSolution
		SolutionGuid = {95F2E547-A8E7-4DDD-98C9-F5472DEDB13A}
	EndGlobalSection
EndGlobal
